
Microsoft Visual Studio Solution File, Format Version 12.00
# Visual Studio Version 16
VisualStudioVersion = 16.0.31112.23
MinimumVisualStudioVersion = 10.0.40219.1
Project("{FAE04EC0-301F-11D3-BF4B-00C04F79EFBC}") = "Program(server-client)", "Program(server-client)\Program(server-client).csproj", "{A0A69BF6-627C-486F-9584-D560368FA4C4}"
EndProject
Project("{FAE04EC0-301F-11D3-BF4B-00C04F79EFBC}") = "Server", "Server\Server.csproj", "{AA82108D-4D06-43ED-8C3D-4067ECE5BD00}"
EndProject
Global
	GlobalSection(SolutionConfigurationPlatforms) = preSolution
		Debug|Any CPU = Debug|Any CPU
		Release|Any CPU = Release|Any CPU
	EndGlobalSection
	GlobalSection(ProjectConfigurationPlatforms) = postSolution
		{A0A69BF6-627C-486F-9584-D560368FA4C4}.Debug|Any CPU.ActiveCfg = Debug|Any CPU
		{A0A69BF6-627C-486F-9584-D560368FA4C4}.Debug|Any CPU.Build.0 = Debug|Any CPU
		{A0A69BF6-627C-486F-9584-D560368FA4C4}.Release|Any CPU.ActiveCfg = Release|Any CPU
		{A0A69BF6-627C-486F-9584-D560368FA4C4}.Release|Any CPU.Build.0 = Release|Any CPU
		{AA82108D-4D06-43ED-8C3D-4067ECE5BD00}.Debug|Any CPU.ActiveCfg = Debug|Any CPU
		{AA82108D-4D06-43ED-8C3D-4067ECE5BD00}.Debug|Any CPU.Build.0 = Debug|Any CPU
		{AA82108D-4D06-43ED-8C3D-4067ECE5BD00}.Release|Any CPU.ActiveCfg = Release|Any CPU
		{AA82108D-4D06-43ED-8C3D-4067ECE5BD00}.Release|Any CPU.Build.0 = Release|Any CPU
	EndGlobalSection
	GlobalSection(SolutionProperties) = preSolution
		HideSolutionNode = FALSE
	EndGlobalSection
	GlobalSection(ExtensibilityGlobals) = postSolution
		SolutionGuid = {51835F1E-9A0B-48D9-9E4D-13585104B725}
	EndGlobalSection
EndGlobal
